
Microsoft Visual Studio Solution File, Format Version 12.00
# Visual Studio Version 17
VisualStudioVersion = 17.3.32901.215
MinimumVisualStudioVersion = 10.0.40219.1
Project("{FAE04EC0-301F-11D3-BF4B-00C04F79EFBC}") = "MVVVM_App", "MVVVM_App\MVVVM_App.csproj", "{942E254F-8A5E-48AD-AEC2-AE4805F26FD5}"
EndProject
Global
	GlobalSection(SolutionConfigurationPlatforms) = preSolution
		Debug|Any CPU = Debug|Any CPU
		Release|Any CPU = Release|Any CPU
	EndGlobalSection
	GlobalSection(ProjectConfigurationPlatforms) = postSolution
		{942E254F-8A5E-48AD-AEC2-AE4805F26FD5}.Debug|Any CPU.ActiveCfg = Debug|Any CPU
		{942E254F-8A5E-48AD-AEC2-AE4805F26FD5}.Debug|Any CPU.Build.0 = Debug|Any CPU
		{942E254F-8A5E-48AD-AEC2-AE4805F26FD5}.Release|Any CPU.ActiveCfg = Release|Any CPU
		{942E254F-8A5E-48AD-AEC2-AE4805F26FD5}.Release|Any CPU.Build.0 = Release|Any CPU
	EndGlobalSection
	GlobalSection(SolutionProperties) = preSolution
		HideSolutionNode = FALSE
	EndGlobalSection
	GlobalSection(ExtensibilityGlobals) = postSolution
		SolutionGuid = {FA2603D0-81E3-480B-BAB1-1599F94F445A}
	EndGlobalSection
EndGlobal
